
Microsoft Visual Studio Solution File, Format Version 12.00
# Visual Studio 15
VisualStudioVersion = 15.0.28307.572
MinimumVisualStudioVersion = 10.0.40219.1
Project("{FAE04EC0-301F-11D3-BF4B-00C04F79EFBC}") = "Task", "Task.csproj", "{DA479EE2-D01D-4F42-B4F9-912D1583079D}"
EndProject
Global
	GlobalSection(SolutionConfigurationPlatforms) = preSolution
		Debug|Any CPU = Debug|Any CPU
		Release|Any CPU = Release|Any CPU
	EndGlobalSection
	GlobalSection(ProjectConfigurationPlatforms) = postSolution
		{DA479EE2-D01D-4F42-B4F9-912D1583079D}.Debug|Any CPU.ActiveCfg = Debug|Any CPU
		{DA479EE2-D01D-4F42-B4F9-912D1583079D}.Debug|Any CPU.Build.0 = Debug|Any CPU
		{DA479EE2-D01D-4F42-B4F9-912D1583079D}.Release|Any CPU.ActiveCfg = Release|Any CPU
		{DA479EE2-D01D-4F42-B4F9-912D1583079D}.Release|Any CPU.Build.0 = Release|Any CPU
	EndGlobalSection
	GlobalSection(SolutionProperties) = preSolution
		HideSolutionNode = FALSE
	EndGlobalSection
	GlobalSection(ExtensibilityGlobals) = postSolution
		SolutionGuid = {3906D99F-1B9A-4FEA-A4B5-E6970F7A4EA7}
	EndGlobalSection
EndGlobal
